// !$*UTF8*$!
{
	archiveVersion = 1;
	classes = {
	};
	objectVersion = 50;
	objects = {

/* Begin PBXBuildFile section */
		28CEB22E26C6BE100080EF39 /* github_search_appApp.swift in Sources */ = {isa = PBXBuildFile; fileRef = 28CEB22D26C6BE100080EF39 /* github_search_appApp.swift */; };
		28CEB23026C6BE110080EF39 /* CardView.swift in Sources */ = {isa = PBXBuildFile; fileRef = 28CEB22F26C6BE110080EF39 /* CardView.swift */; };
		28CEB23226C6BE120080EF39 /* Assets.xcassets in Resources */ = {isa = PBXBuildFile; fileRef = 28CEB23126C6BE120080EF39 /* Assets.xcassets */; };
		28CEB23526C6BE120080EF39 /* Preview Assets.xcassets in Resources */ = {isa = PBXBuildFile; fileRef = 28CEB23426C6BE120080EF39 /* Preview Assets.xcassets */; };
		28CEB24426C8B7630080EF39 /* Owner.swift in Sources */ = {isa = PBXBuildFile; fileRef = 28CEB24326C8B7630080EF39 /* Owner.swift */; };
		28CEB24826C8B7D90080EF39 /* Repository.swift in Sources */ = {isa = PBXBuildFile; fileRef = 28CEB24726C8B7D90080EF39 /* Repository.swift */; };
		28CEB24B26C8B8990080EF39 /* SearchRepositoryResponse.swift in Sources */ = {isa = PBXBuildFile; fileRef = 28CEB24A26C8B8990080EF39 /* SearchRepositoryResponse.swift */; };
		28CEB24F26C8B8EB0080EF39 /* APIService.swift in Sources */ = {isa = PBXBuildFile; fileRef = 28CEB24E26C8B8EB0080EF39 /* APIService.swift */; };
		28CEB25326C8BAE40080EF39 /* APIServiceError.swift in Sources */ = {isa = PBXBuildFile; fileRef = 28CEB25226C8BAE40080EF39 /* APIServiceError.swift */; };
		28CEB25626C8BB6F0080EF39 /* SearchRepositoryRequest.swift in Sources */ = {isa = PBXBuildFile; fileRef = 28CEB25526C8BB6F0080EF39 /* SearchRepositoryRequest.swift */; };
		28D4B06A26D09EBF00030051 /* SectionView.swift in Sources */ = {isa = PBXBuildFile; fileRef = 28D4B06926D09EBF00030051 /* SectionView.swift */; };
		28D4B06E26D0A45C00030051 /* HomeView.swift in Sources */ = {isa = PBXBuildFile; fileRef = 28D4B06D26D0A45C00030051 /* HomeView.swift */; };
		28D4B07526D0BB8100030051 /* HomeViewModel.swift in Sources */ = {isa = PBXBuildFile; fileRef = 28D4B07426D0BB8100030051 /* HomeViewModel.swift */; };
/* End PBXBuildFile section */

/* Begin PBXFileReference section */
		28CEB22A26C6BE100080EF39 /* github_search_app.app */ = {isa = PBXFileReference; explicitFileType = wrapper.application; includeInIndex = 0; path = github_search_app.app; sourceTree = BUILT_PRODUCTS_DIR; };
		28CEB22D26C6BE100080EF39 /* github_search_appApp.swift */ = {isa = PBXFileReference; lastKnownFileType = sourcecode.swift; path = github_search_appApp.swift; sourceTree = "<group>"; };
		28CEB22F26C6BE110080EF39 /* CardView.swift */ = {isa = PBXFileReference; lastKnownFileType = sourcecode.swift; path = CardView.swift; sourceTree = "<group>"; };
		28CEB23126C6BE120080EF39 /* Assets.xcassets */ = {isa = PBXFileReference; lastKnownFileType = folder.assetcatalog; path = Assets.xcassets; sourceTree = "<group>"; };
		28CEB23426C6BE120080EF39 /* Preview Assets.xcassets */ = {isa = PBXFileReference; lastKnownFileType = folder.assetcatalog; path = "Preview Assets.xcassets"; sourceTree = "<group>"; };
		28CEB23626C6BE120080EF39 /* Info.plist */ = {isa = PBXFileReference; lastKnownFileType = text.plist.xml; path = Info.plist; sourceTree = "<group>"; };
		28CEB24326C8B7630080EF39 /* Owner.swift */ = {isa = PBXFileReference; lastKnownFileType = sourcecode.swift; path = Owner.swift; sourceTree = "<group>"; };
		28CEB24726C8B7D90080EF39 /* Repository.swift */ = {isa = PBXFileReference; lastKnownFileType = sourcecode.swift; path = Repository.swift; sourceTree = "<group>"; };
		28CEB24A26C8B8990080EF39 /* SearchRepositoryResponse.swift */ = {isa = PBXFileReference; lastKnownFileType = sourcecode.swift; path = SearchRepositoryResponse.swift; sourceTree = "<group>"; };
		28CEB24E26C8B8EB0080EF39 /* APIService.swift */ = {isa = PBXFileReference; lastKnownFileType = sourcecode.swift; path = APIService.swift; sourceTree = "<group>"; };
		28CEB25226C8BAE40080EF39 /* APIServiceError.swift */ = {isa = PBXFileReference; lastKnownFileType = sourcecode.swift; path = APIServiceError.swift; sourceTree = "<group>"; };
		28CEB25526C8BB6F0080EF39 /* SearchRepositoryRequest.swift */ = {isa = PBXFileReference; lastKnownFileType = sourcecode.swift; path = SearchRepositoryRequest.swift; sourceTree = "<group>"; };
		28D4B06926D09EBF00030051 /* SectionView.swift */ = {isa = PBXFileReference; lastKnownFileType = sourcecode.swift; path = SectionView.swift; sourceTree = "<group>"; };
		28D4B06D26D0A45C00030051 /* HomeView.swift */ = {isa = PBXFileReference; lastKnownFileType = sourcecode.swift; path = HomeView.swift; sourceTree = "<group>"; };
		28D4B07426D0BB8100030051 /* HomeViewModel.swift */ = {isa = PBXFileReference; lastKnownFileType = sourcecode.swift; path = HomeViewModel.swift; sourceTree = "<group>"; };
/* End PBXFileReference section */

/* Begin PBXFrameworksBuildPhase section */
		28CEB22726C6BE100080EF39 /* Frameworks */ = {
			isa = PBXFrameworksBuildPhase;
			buildActionMask = 2147483647;
			files = (
			);
			runOnlyForDeploymentPostprocessing = 0;
		};
/* End PBXFrameworksBuildPhase section */

/* Begin PBXGroup section */
		28CEB22126C6BE100080EF39 = {
			isa = PBXGroup;
			children = (
				28CEB22C26C6BE100080EF39 /* github_search_app */,
				28CEB22B26C6BE100080EF39 /* Products */,
			);
			sourceTree = "<group>";
		};
		28CEB22B26C6BE100080EF39 /* Products */ = {
			isa = PBXGroup;
			children = (
				28CEB22A26C6BE100080EF39 /* github_search_app.app */,
			);
			name = Products;
			sourceTree = "<group>";
		};
		28CEB22C26C6BE100080EF39 /* github_search_app */ = {
			isa = PBXGroup;
			children = (
				28D4B06826D09EA600030051 /* Screen */,
				28CEB24D26C8B8D50080EF39 /* Service */,
				28CEB24226C8B7470080EF39 /* Models */,
				28CEB23D26C6C0630080EF39 /* ViewComponents */,
				28D4B07726D0CB3100030051 /* tests */,
				28CEB22D26C6BE100080EF39 /* github_search_appApp.swift */,
				28CEB23126C6BE120080EF39 /* Assets.xcassets */,
				28CEB23626C6BE120080EF39 /* Info.plist */,
				28CEB23326C6BE120080EF39 /* Preview Content */,
			);
			path = github_search_app;
			sourceTree = "<group>";
		};
		28CEB23326C6BE120080EF39 /* Preview Content */ = {
			isa = PBXGroup;
			children = (
				28CEB23426C6BE120080EF39 /* Preview Assets.xcassets */,
			);
			path = "Preview Content";
			sourceTree = "<group>";
		};
		28CEB23D26C6C0630080EF39 /* ViewComponents */ = {
			isa = PBXGroup;
			children = (
				28CEB22F26C6BE110080EF39 /* CardView.swift */,
			);
			path = ViewComponents;
			sourceTree = "<group>";
		};
		28CEB24226C8B7470080EF39 /* Models */ = {
			isa = PBXGroup;
			children = (
				28CEB24326C8B7630080EF39 /* Owner.swift */,
				28CEB24726C8B7D90080EF39 /* Repository.swift */,
			);
			path = Models;
			sourceTree = "<group>";
		};
		28CEB24D26C8B8D50080EF39 /* Service */ = {
			isa = PBXGroup;
			children = (
				28CEB24A26C8B8990080EF39 /* SearchRepositoryResponse.swift */,
				28CEB25226C8BAE40080EF39 /* APIServiceError.swift */,
				28CEB24E26C8B8EB0080EF39 /* APIService.swift */,
				28CEB25526C8BB6F0080EF39 /* SearchRepositoryRequest.swift */,
			);
			path = Service;
			sourceTree = "<group>";
		};
		28D4B06826D09EA600030051 /* Screen */ = {
			isa = PBXGroup;
			children = (
				28D4B07226D0BB4600030051 /* Home */,
				28D4B06926D09EBF00030051 /* SectionView.swift */,
			);
			path = Screen;
			sourceTree = "<group>";
		};
		28D4B07226D0BB4600030051 /* Home */ = {
			isa = PBXGroup;
			children = (
				28D4B06D26D0A45C00030051 /* HomeView.swift */,
				28D4B07426D0BB8100030051 /* HomeViewModel.swift */,
			);
			path = Home;
			sourceTree = "<group>";
		};
		28D4B07726D0CB3100030051 /* tests */ = {
			isa = PBXGroup;
			children = (
			);
			path = tests;
			sourceTree = "<group>";
		};
/* End PBXGroup section */

/* Begin PBXNativeTarget section */
		28CEB22926C6BE100080EF39 /* github_search_app */ = {
			isa = PBXNativeTarget;
			buildConfigurationList = 28CEB23926C6BE120080EF39 /* Build configuration list for PBXNativeTarget "github_search_app" */;
			buildPhases = (
				28CEB22626C6BE100080EF39 /* Sources */,
				28CEB22726C6BE100080EF39 /* Frameworks */,
				28CEB22826C6BE100080EF39 /* Resources */,
			);
			buildRules = (
			);
			dependencies = (
			);
			name = github_search_app;
			productName = github_search_app;
			productReference = 28CEB22A26C6BE100080EF39 /* github_search_app.app */;
			productType = "com.apple.product-type.application";
		};
/* End PBXNativeTarget section */

/* Begin PBXProject section */
		28CEB22226C6BE100080EF39 /* Project object */ = {
			isa = PBXProject;
			attributes = {
				LastSwiftUpdateCheck = 1240;
				LastUpgradeCheck = 1240;
				TargetAttributes = {
					28CEB22926C6BE100080EF39 = {
						CreatedOnToolsVersion = 12.4;
					};
				};
			};
			buildConfigurationList = 28CEB22526C6BE100080EF39 /* Build configuration list for PBXProject "github_search_app" */;
			compatibilityVersion = "Xcode 9.3";
			developmentRegion = en;
			hasScannedForEncodings = 0;
			knownRegions = (
				en,
				Base,
			);
			mainGroup = 28CEB22126C6BE100080EF39;
			productRefGroup = 28CEB22B26C6BE100080EF39 /* Products */;
			projectDirPath = "";
			projectRoot = "";
			targets = (
				28CEB22926C6BE100080EF39 /* github_search_app */,
			);
		};
/* End PBXProject section */

/* Begin PBXResourcesBuildPhase section */
		28CEB22826C6BE100080EF39 /* Resources */ = {
			isa = PBXResourcesBuildPhase;
			buildActionMask = 2147483647;
			files = (
				28CEB23526C6BE120080EF39 /* Preview Assets.xcassets in Resources */,
				28CEB23226C6BE120080EF39 /* Assets.xcassets in Resources */,
			);
			runOnlyForDeploymentPostprocessing = 0;
		};
/* End PBXResourcesBuildPhase section */

/* Begin PBXSourcesBuildPhase section */
		28CEB22626C6BE100080EF39 /* Sources */ = {
			isa = PBXSourcesBuildPhase;
			buildActionMask = 2147483647;
			files = (
				28CEB24B26C8B8990080EF39 /* SearchRepositoryResponse.swift in Sources */,
				28D4B07526D0BB8100030051 /* HomeViewModel.swift in Sources */,
				28CEB24F26C8B8EB0080EF39 /* APIService.swift in Sources */,
				28D4B06A26D09EBF00030051 /* SectionView.swift in Sources */,
				28D4B06E26D0A45C00030051 /* HomeView.swift in Sources */,
				28CEB23026C6BE110080EF39 /* CardView.swift in Sources */,
				28CEB25626C8BB6F0080EF39 /* SearchRepositoryRequest.swift in Sources */,
				28CEB24426C8B7630080EF39 /* Owner.swift in Sources */,
				28CEB24826C8B7D90080EF39 /* Repository.swift in Sources */,
				28CEB25326C8BAE40080EF39 /* APIServiceError.swift in Sources */,
				28CEB22E26C6BE100080EF39 /* github_search_appApp.swift in Sources */,
			);
			runOnlyForDeploymentPostprocessing = 0;
		};
/* End PBXSourcesBuildPhase section */

/* Begin XCBuildConfiguration section */
		28CEB23726C6BE120080EF39 /* Debug */ = {
			isa = XCBuildConfiguration;
			buildSettings = {
				ALWAYS_SEARCH_USER_PATHS = NO;
				CLANG_ANALYZER_NONNULL = YES;
				CLANG_ANALYZER_NUMBER_OBJECT_CONVERSION = YES_AGGRESSIVE;
				CLANG_CXX_LANGUAGE_STANDARD = "gnu++14";
				CLANG_CXX_LIBRARY = "libc++";
				CLANG_ENABLE_MODULES = YES;
				CLANG_ENABLE_OBJC_ARC = YES;
				CLANG_ENABLE_OBJC_WEAK = YES;
				CLANG_WARN_BLOCK_CAPTURE_AUTORELEASING = YES;
				CLANG_WARN_BOOL_CONVERSION = YES;
				CLANG_WARN_COMMA = YES;
				CLANG_WARN_CONSTANT_CONVERSION = YES;
				CLANG_WARN_DEPRECATED_OBJC_IMPLEMENTATIONS = YES;
				CLANG_WARN_DIRECT_OBJC_ISA_USAGE = YES_ERROR;
				CLANG_WARN_DOCUMENTATION_COMMENTS = YES;
				CLANG_WARN_EMPTY_BODY = YES;
				CLANG_WARN_ENUM_CONVERSION = YES;
				CLANG_WARN_INFINITE_RECURSION = YES;
				CLANG_WARN_INT_CONVERSION = YES;
				CLANG_WARN_NON_LITERAL_NULL_CONVERSION = YES;
				CLANG_WARN_OBJC_IMPLICIT_RETAIN_SELF = YES;
				CLANG_WARN_OBJC_LITERAL_CONVERSION = YES;
				CLANG_WARN_OBJC_ROOT_CLASS = YES_ERROR;
				CLANG_WARN_QUOTED_INCLUDE_IN_FRAMEWORK_HEADER = YES;
				CLANG_WARN_RANGE_LOOP_ANALYSIS = YES;
				CLANG_WARN_STRICT_PROTOTYPES = YES;
				CLANG_WARN_SUSPICIOUS_MOVE = YES;
				CLANG_WARN_UNGUARDED_AVAILABILITY = YES_AGGRESSIVE;
				CLANG_WARN_UNREACHABLE_CODE = YES;
				CLANG_WARN__DUPLICATE_METHOD_MATCH = YES;
				COPY_PHASE_STRIP = NO;
				DEBUG_INFORMATION_FORMAT = dwarf;
				ENABLE_STRICT_OBJC_MSGSEND = YES;
				ENABLE_TESTABILITY = YES;
				GCC_C_LANGUAGE_STANDARD = gnu11;
				GCC_DYNAMIC_NO_PIC = NO;
				GCC_NO_COMMON_BLOCKS = YES;
				GCC_OPTIMIZATION_LEVEL = 0;
				GCC_PREPROCESSOR_DEFINITIONS = (
					"DEBUG=1",
					"$(inherited)",
				);
				GCC_WARN_64_TO_32_BIT_CONVERSION = YES;
				GCC_WARN_ABOUT_RETURN_TYPE = YES_ERROR;
				GCC_WARN_UNDECLARED_SELECTOR = YES;
				GCC_WARN_UNINITIALIZED_AUTOS = YES_AGGRESSIVE;
				GCC_WARN_UNUSED_FUNCTION = YES;
				GCC_WARN_UNUSED_VARIABLE = YES;
				IPHONEOS_DEPLOYMENT_TARGET = 14.4;
				MTL_ENABLE_DEBUG_INFO = INCLUDE_SOURCE;
				MTL_FAST_MATH = YES;
				ONLY_ACTIVE_ARCH = YES;
				SDKROOT = iphoneos;
				SWIFT_ACTIVE_COMPILATION_CONDITIONS = DEBUG;
				SWIFT_OPTIMIZATION_LEVEL = "-Onone";
			};
			name = Debug;
		};
		28CEB23826C6BE120080EF39 /* Release */ = {
			isa = XCBuildConfiguration;
			buildSettings = {
				ALWAYS_SEARCH_USER_PATHS = NO;
				CLANG_ANALYZER_NONNULL = YES;
				CLANG_ANALYZER_NUMBER_OBJECT_CONVERSION = YES_AGGRESSIVE;
				CLANG_CXX_LANGUAGE_STANDARD = "gnu++14";
				CLANG_CXX_LIBRARY = "libc++";
				CLANG_ENABLE_MODULES = YES;
				CLANG_ENABLE_OBJC_ARC = YES;
				CLANG_ENABLE_OBJC_WEAK = YES;
				CLANG_WARN_BLOCK_CAPTURE_AUTORELEASING = YES;
				CLANG_WARN_BOOL_CONVERSION = YES;
				CLANG_WARN_COMMA = YES;
				CLANG_WARN_CONSTANT_CONVERSION = YES;
				CLANG_WARN_DEPRECATED_OBJC_IMPLEMENTATIONS = YES;
				CLANG_WARN_DIRECT_OBJC_ISA_USAGE = YES_ERROR;
				CLANG_WARN_DOCUMENTATION_COMMENTS = YES;
				CLANG_WARN_EMPTY_BODY = YES;
				CLANG_WARN_ENUM_CONVERSION = YES;
				CLANG_WARN_INFINITE_RECURSION = YES;
				CLANG_WARN_INT_CONVERSION = YES;
				CLANG_WARN_NON_LITERAL_NULL_CONVERSION = YES;
				CLANG_WARN_OBJC_IMPLICIT_RETAIN_SELF = YES;
				CLANG_WARN_OBJC_LITERAL_CONVERSION = YES;
				CLANG_WARN_OBJC_ROOT_CLASS = YES_ERROR;
				CLANG_WARN_QUOTED_INCLUDE_IN_FRAMEWORK_HEADER = YES;
				CLANG_WARN_RANGE_LOOP_ANALYSIS = YES;
				CLANG_WARN_STRICT_PROTOTYPES = YES;
				CLANG_WARN_SUSPICIOUS_MOVE = YES;
				CLANG_WARN_UNGUARDED_AVAILABILITY = YES_AGGRESSIVE;
				CLANG_WARN_UNREACHABLE_CODE = YES;
				CLANG_WARN__DUPLICATE_METHOD_MATCH = YES;
				COPY_PHASE_STRIP = NO;
				DEBUG_INFORMATION_FORMAT = "dwarf-with-dsym";
				ENABLE_NS_ASSERTIONS = NO;
				ENABLE_STRICT_OBJC_MSGSEND = YES;
				GCC_C_LANGUAGE_STANDARD = gnu11;
				GCC_NO_COMMON_BLOCKS = YES;
				GCC_WARN_64_TO_32_BIT_CONVERSION = YES;
				GCC_WARN_ABOUT_RETURN_TYPE = YES_ERROR;
				GCC_WARN_UNDECLARED_SELECTOR = YES;
				GCC_WARN_UNINITIALIZED_AUTOS = YES_AGGRESSIVE;
				GCC_WARN_UNUSED_FUNCTION = YES;
				GCC_WARN_UNUSED_VARIABLE = YES;
				IPHONEOS_DEPLOYMENT_TARGET = 14.4;
				MTL_ENABLE_DEBUG_INFO = NO;
				MTL_FAST_MATH = YES;
				SDKROOT = iphoneos;
				SWIFT_COMPILATION_MODE = wholemodule;
				SWIFT_OPTIMIZATION_LEVEL = "-O";
				VALIDATE_PRODUCT = YES;
			};
			name = Release;
		};
		28CEB23A26C6BE120080EF39 /* Debug */ = {
			isa = XCBuildConfiguration;
			buildSettings = {
				ASSETCATALOG_COMPILER_APPICON_NAME = AppIcon;
				ASSETCATALOG_COMPILER_GLOBAL_ACCENT_COLOR_NAME = AccentColor;
				CODE_SIGN_STYLE = Automatic;
				DEVELOPMENT_ASSET_PATHS = "\"github_search_app/Preview Content\"";
				DEVELOPMENT_TEAM = TT8GVVJPDM;
				ENABLE_PREVIEWS = YES;
				INFOPLIST_FILE = github_search_app/Info.plist;
				IPHONEOS_DEPLOYMENT_TARGET = 14.0;
				LD_RUNPATH_SEARCH_PATHS = (
					"$(inherited)",
					"@executable_path/Frameworks",
				);
				PRODUCT_BUNDLE_IDENTIFIER = "com.nargok.github-search-app";
				PRODUCT_NAME = "$(TARGET_NAME)";
				SWIFT_VERSION = 5.0;
				TARGETED_DEVICE_FAMILY = "1,2";
			};
			name = Debug;
		};
		28CEB23B26C6BE120080EF39 /* Release */ = {
			isa = XCBuildConfiguration;
			buildSettings = {
				ASSETCATALOG_COMPILER_APPICON_NAME = AppIcon;
				ASSETCATALOG_COMPILER_GLOBAL_ACCENT_COLOR_NAME = AccentColor;
				CODE_SIGN_STYLE = Automatic;
				DEVELOPMENT_ASSET_PATHS = "\"github_search_app/Preview Content\"";
				DEVELOPMENT_TEAM = TT8GVVJPDM;
				ENABLE_PREVIEWS = YES;
				INFOPLIST_FILE = github_search_app/Info.plist;
				IPHONEOS_DEPLOYMENT_TARGET = 14.0;
				LD_RUNPATH_SEARCH_PATHS = (
					"$(inherited)",
					"@executable_path/Frameworks",
				);
				PRODUCT_BUNDLE_IDENTIFIER = "com.nargok.github-search-app";
				PRODUCT_NAME = "$(TARGET_NAME)";
				SWIFT_VERSION = 5.0;
				TARGETED_DEVICE_FAMILY = "1,2";
			};
			name = Release;
		};
/* End XCBuildConfiguration section */

/* Begin XCConfigurationList section */
		28CEB22526C6BE100080EF39 /* Build configuration list for PBXProject "github_search_app" */ = {
			isa = XCConfigurationList;
			buildConfigurations = (
				28CEB23726C6BE120080EF39 /* Debug */,
				28CEB23826C6BE120080EF39 /* Release */,
			);
			defaultConfigurationIsVisible = 0;
			defaultConfigurationName = Release;
		};
		28CEB23926C6BE120080EF39 /* Build configuration list for PBXNativeTarget "github_search_app" */ = {
			isa = XCConfigurationList;
			buildConfigurations = (
				28CEB23A26C6BE120080EF39 /* Debug */,
				28CEB23B26C6BE120080EF39 /* Release */,
			);
			defaultConfigurationIsVisible = 0;
			defaultConfigurationName = Release;
		};
/* End XCConfigurationList section */
	};
	rootObject = 28CEB22226C6BE100080EF39 /* Project object */;
}
